{
  "requires": true,
  "lockfileVersion": 1,
  "dependencies": {
    "nice-select2": {
      "version": "2.0.0",
      "resolved": "https://registry.npmjs.org/nice-select2/-/nice-select2-2.0.0.tgz",
      "integrity": "sha512-VeBynMpjIe0DkGBC5by575YH+m1c7UaMOsByiGUhMBQ3JJa4+loimaHXwFXixk3ItPH7f9JonZ4rf5vsx6IWQw=="
    }
  }
}
